
Microsoft Visual Studio Solution File, Format Version 12.00
# Visual Studio Version 17
VisualStudioVersion = 17.9.34728.123
MinimumVisualStudioVersion = 10.0.40219.1
Project("{FAE04EC0-301F-11D3-BF4B-00C04F79EFBC}") = "MyBlazorApp", "MyBlazorApp.csproj", "{D3363908-41C0-4828-BE21-979476BACD1E}"
EndProject
Global
	GlobalSection(SolutionConfigurationPlatforms) = preSolution
		Debug|Any CPU = Debug|Any CPU
		Release|Any CPU = Release|Any CPU
	EndGlobalSection
	GlobalSection(ProjectConfigurationPlatforms) = postSolution
		{D3363908-41C0-4828-BE21-979476BACD1E}.Debug|Any CPU.ActiveCfg = Debug|Any CPU
		{D3363908-41C0-4828-BE21-979476BACD1E}.Debug|Any CPU.Build.0 = Debug|Any CPU
		{D3363908-41C0-4828-BE21-979476BACD1E}.Release|Any CPU.ActiveCfg = Release|Any CPU
		{D3363908-41C0-4828-BE21-979476BACD1E}.Release|Any CPU.Build.0 = Release|Any CPU
	EndGlobalSection
	GlobalSection(SolutionProperties) = preSolution
		HideSolutionNode = FALSE
	EndGlobalSection
	GlobalSection(ExtensibilityGlobals) = postSolution
		SolutionGuid = {D38A85DD-124F-4508-891B-D632C88F1869}
	EndGlobalSection
EndGlobal
